{
  "version": 1,
  "dependencies": {
    "net9.0": {
      "AngleSharp": {
        "type": "Direct",
        "requested": "[1.5.2, )",
        "resolved": "1.5.2",
        "contentHash": "LVZ7rrr6GHbhERhTgVDarVygl1e6KwE96pronA90LBOMacDhxR4lB+xYLjn/vlnUu+xbOB2RM9fuCPEx5bdyWA=="
      },
      "Dapper": {
        "type": "Direct",
        "requested": "[2.1.66, )",
        "resolved": "2.1.66",
        "contentHash": "/q77jUgDOS+bzkmk3Vy9SiWMaetTw+NOoPAV0xPBsGVAyljd5S6P+4RUW7R3ZUGGr9lDRyPKgAMj2UAOwvqZYw=="
      },
      "Npgsql": {
        "type": "Direct",
        "requested": "[10.0.3, )",
        "resolved": "10.0.3",
        "contentHash": "7nb5YzXuvWWJxB0J8DiyL3we+X4FOctZrt0fIBnucOIaIevFEEwGQVZKtiu9olXdlNAK1eNgqSral6r/jlhI4w==",
        "dependencies": {
          "Microsoft.Extensions.Logging.Abstractions": "9.0.0"
        }
      },
      "System.Text.Encoding.CodePages": {
        "type": "Direct",
        "requested": "[9.0.0, )",
        "resolved": "9.0.0",
        "contentHash": "GxJTSFPQpoVd0vQRgq8hwesicxgZoHTbYMvR/UMM4IzhkHMT+ebZE11c2C1gUyxz55zWtGCWktMTHvmgLzob9g=="
      },
      "Microsoft.Extensions.DependencyInjection.Abstractions": {
        "type": "Transitive",
        "resolved": "9.0.0",
        "contentHash": "+6f2qv2a3dLwd5w6JanPIPs47CxRbnk+ZocMJUhv9NxP88VlOcJYZs9jY+MYSjxvady08bUZn6qgiNh7DadGgg=="
      },
      "Microsoft.Extensions.Logging.Abstractions": {
        "type": "Transitive",
        "resolved": "9.0.0",
        "contentHash": "g0UfujELzlLbHoVG8kPKVBaW470Ewi+jnptGS9KUi6jcb+k2StujtK3m26DFSGGwQ/+bVgZfsWqNzlP6YOejvw==",
        "dependencies": {
          "Microsoft.Extensions.DependencyInjection.Abstractions": "9.0.0"
        }
      }
    }
  }
}