{
  "version": 1,
  "dependencies": {
    "net9.0": {
      "AngleSharp": {
        "type": "Direct",
        "requested": "[1.7.0, )",
        "resolved": "1.7.0",
        "contentHash": "v1R++46dblGRBo2/fKFUfgtZOaFnDGQhqBM0AarxgZSJuumj1e1vexBbjlTv2hx3Olr3qeoJa2yUoWyv5fuJ5A=="
      },
      "Dapper": {
        "type": "Direct",
        "requested": "[2.1.79, )",
        "resolved": "2.1.79",
        "contentHash": "8YijbzgTfmqmQOnVNorYM6K++pxqnW3nJ4aC1sRHzxUA2CcuoJ9gsTem3kgBnPRMc38zZHl4Esb6hAezXIEEuw=="
      },
      "Npgsql": {
        "type": "Direct",
        "requested": "[9.0.5, )",
        "resolved": "9.0.5",
        "contentHash": "NRZkUlTUh06f7f14wriEoO+BrJcyw/agh3xozXLM3ii7C/08SyXqcI89EMfZJuHkOcfDU8W0enGcZ8RGNVOw0w==",
        "dependencies": {
          "Microsoft.Extensions.Logging.Abstractions": "8.0.2"
        }
      },
      "System.Text.Encoding.CodePages": {
        "type": "Direct",
        "requested": "[9.0.18, )",
        "resolved": "9.0.18",
        "contentHash": "FFFZWE2sHSFVJLGBvcBT6zcTIHT7yxvQ5AMtc+BZh0oBWpT5jXTmKxI85tDkBieLoUK5Fg/8bbWGFvTS2oer+A=="
      },
      "Microsoft.Extensions.DependencyInjection.Abstractions": {
        "type": "Transitive",
        "resolved": "8.0.2",
        "contentHash": "3iE7UF7MQkCv1cxzCahz+Y/guQbTqieyxyaWKhrRO91itI9cOKO76OHeQDahqG4MmW5umr3CcCvGmK92lWNlbg=="
      },
      "Microsoft.Extensions.Logging.Abstractions": {
        "type": "Transitive",
        "resolved": "8.0.2",
        "contentHash": "nroMDjS7hNBPtkZqVBbSiQaQjWRDxITI8Y7XnDs97rqG3EbzVTNLZQf7bIeUJcaHOV8bca47s1Uxq94+2oGdxA==",
        "dependencies": {
          "Microsoft.Extensions.DependencyInjection.Abstractions": "8.0.2"
        }
      }
    }
  }
}